
Microsoft Visual Studio Solution File, Format Version 12.00
# Visual Studio 15
VisualStudioVersion = 15.0.27130.2036
MinimumVisualStudioVersion = 10.0.40219.1
Project("{FAE04EC0-301F-11D3-BF4B-00C04F79EFBC}") = "MHUrho.Droid", "MHUrho\MHUrho.Droid\MHUrho.Droid.csproj", "{FB39AA55-3132-4F96-93B1-6DA799D45646}"
	ProjectSection(ProjectDependencies) = postProject
		{054FD144-14A7-4596-B205-8FBCA2D83CBB} = {054FD144-14A7-4596-B205-8FBCA2D83CBB}
	EndProjectSection
EndProject
Project("{FAE04EC0-301F-11D3-BF4B-00C04F79EFBC}") = "MHUrho.iOS", "MHUrho\MHUrho.iOS\MHUrho.iOS.csproj", "{767A01A0-17CF-4562-BE1F-C57BE89DC2D8}"
	ProjectSection(ProjectDependencies) = postProject
		{054FD144-14A7-4596-B205-8FBCA2D83CBB} = {054FD144-14A7-4596-B205-8FBCA2D83CBB}
	EndProjectSection
EndProject
Project("{FAE04EC0-301F-11D3-BF4B-00C04F79EFBC}") = "MHUrho.Desktop", "MHUrho\MHUrho.Desktop\MHUrho.Desktop.csproj", "{ECC350C2-88BF-4905-B4CB-8FAEC47DFF8C}"
	ProjectSection(ProjectDependencies) = postProject
		{054FD144-14A7-4596-B205-8FBCA2D83CBB} = {054FD144-14A7-4596-B205-8FBCA2D83CBB}
	EndProjectSection
EndProject
Project("{9A19103F-16F7-4668-BE54-9A1E7A4F7556}") = "MHUrho", "MHUrho\MHUrho\MHUrho.csproj", "{054FD144-14A7-4596-B205-8FBCA2D83CBB}"
EndProject
Project("{FAE04EC0-301F-11D3-BF4B-00C04F79EFBC}") = "NUnit.Tests", "NUnit.Tests\NUnit.Tests.csproj", "{8EDF4429-251A-416D-BB68-93F227191BCF}"
EndProject
Project("{FAE04EC0-301F-11D3-BF4B-00C04F79EFBC}") = "DefaultPackage", "DefaultPackage\DefaultPackage.csproj", "{07735EB1-4754-4FC5-874F-E6CABFE97B2D}"
EndProject
Global
	GlobalSection(SolutionConfigurationPlatforms) = preSolution
		Ad-Hoc|Any CPU = Ad-Hoc|Any CPU
		Ad-Hoc|iPhone = Ad-Hoc|iPhone
		Ad-Hoc|iPhoneSimulator = Ad-Hoc|iPhoneSimulator
		AppStore|Any CPU = AppStore|Any CPU
		AppStore|iPhone = AppStore|iPhone
		AppStore|iPhoneSimulator = AppStore|iPhoneSimulator
		Debug|Any CPU = Debug|Any CPU
		Debug|iPhone = Debug|iPhone
		Debug|iPhoneSimulator = Debug|iPhoneSimulator
		Release|Any CPU = Release|Any CPU
		Release|iPhone = Release|iPhone
		Release|iPhoneSimulator = Release|iPhoneSimulator
	EndGlobalSection
	GlobalSection(ProjectConfigurationPlatforms) = postSolution
		{FB39AA55-3132-4F96-93B1-6DA799D45646}.Ad-Hoc|Any CPU.ActiveCfg = Release|Any CPU
		{FB39AA55-3132-4F96-93B1-6DA799D45646}.Ad-Hoc|Any CPU.Build.0 = Release|Any CPU
		{FB39AA55-3132-4F96-93B1-6DA799D45646}.Ad-Hoc|Any CPU.Deploy.0 = Release|Any CPU
		{FB39AA55-3132-4F96-93B1-6DA799D45646}.Ad-Hoc|iPhone.ActiveCfg = Release|Any CPU
		{FB39AA55-3132-4F96-93B1-6DA799D45646}.Ad-Hoc|iPhone.Build.0 = Release|Any CPU
		{FB39AA55-3132-4F96-93B1-6DA799D45646}.Ad-Hoc|iPhone.Deploy.0 = Release|Any CPU
		{FB39AA55-3132-4F96-93B1-6DA799D45646}.Ad-Hoc|iPhoneSimulator.ActiveCfg = Release|Any CPU
		{FB39AA55-3132-4F96-93B1-6DA799D45646}.Ad-Hoc|iPhoneSimulator.Build.0 = Release|Any CPU
		{FB39AA55-3132-4F96-93B1-6DA799D45646}.Ad-Hoc|iPhoneSimulator.Deploy.0 = Release|Any CPU
		{FB39AA55-3132-4F96-93B1-6DA799D45646}.AppStore|Any CPU.ActiveCfg = Release|Any CPU
		{FB39AA55-3132-4F96-93B1-6DA799D45646}.AppStore|Any CPU.Build.0 = Release|Any CPU
		{FB39AA55-3132-4F96-93B1-6DA799D45646}.AppStore|Any CPU.Deploy.0 = Release|Any CPU
		{FB39AA55-3132-4F96-93B1-6DA799D45646}.AppStore|iPhone.ActiveCfg = Release|Any CPU
		{FB39AA55-3132-4F96-93B1-6DA799D45646}.AppStore|iPhone.Build.0 = Release|Any CPU
		{FB39AA55-3132-4F96-93B1-6DA799D45646}.AppStore|iPhone.Deploy.0 = Release|Any CPU
		{FB39AA55-3132-4F96-93B1-6DA799D45646}.AppStore|iPhoneSimulator.ActiveCfg = Release|Any CPU
		{FB39AA55-3132-4F96-93B1-6DA799D45646}.AppStore|iPhoneSimulator.Build.0 = Release|Any CPU
		{FB39AA55-3132-4F96-93B1-6DA799D45646}.AppStore|iPhoneSimulator.Deploy.0 = Release|Any CPU
		{FB39AA55-3132-4F96-93B1-6DA799D45646}.Debug|Any CPU.ActiveCfg = Debug|Any CPU
		{FB39AA55-3132-4F96-93B1-6DA799D45646}.Debug|Any CPU.Build.0 = Debug|Any CPU
		{FB39AA55-3132-4F96-93B1-6DA799D45646}.Debug|Any CPU.Deploy.0 = Debug|Any CPU
		{FB39AA55-3132-4F96-93B1-6DA799D45646}.Debug|iPhone.ActiveCfg = Debug|Any CPU
		{FB39AA55-3132-4F96-93B1-6DA799D45646}.Debug|iPhone.Build.0 = Debug|Any CPU
		{FB39AA55-3132-4F96-93B1-6DA799D45646}.Debug|iPhone.Deploy.0 = Debug|Any CPU
		{FB39AA55-3132-4F96-93B1-6DA799D45646}.Debug|iPhoneSimulator.ActiveCfg = Debug|Any CPU
		{FB39AA55-3132-4F96-93B1-6DA799D45646}.Debug|iPhoneSimulator.Build.0 = Debug|Any CPU
		{FB39AA55-3132-4F96-93B1-6DA799D45646}.Debug|iPhoneSimulator.Deploy.0 = Debug|Any CPU
		{FB39AA55-3132-4F96-93B1-6DA799D45646}.Release|Any CPU.ActiveCfg = Release|Any CPU
		{FB39AA55-3132-4F96-93B1-6DA799D45646}.Release|Any CPU.Build.0 = Release|Any CPU
		{FB39AA55-3132-4F96-93B1-6DA799D45646}.Release|Any CPU.Deploy.0 = Release|Any CPU
		{FB39AA55-3132-4F96-93B1-6DA799D45646}.Release|iPhone.ActiveCfg = Release|Any CPU
		{FB39AA55-3132-4F96-93B1-6DA799D45646}.Release|iPhone.Build.0 = Release|Any CPU
		{FB39AA55-3132-4F96-93B1-6DA799D45646}.Release|iPhone.Deploy.0 = Release|Any CPU
		{FB39AA55-3132-4F96-93B1-6DA799D45646}.Release|iPhoneSimulator.ActiveCfg = Release|Any CPU
		{FB39AA55-3132-4F96-93B1-6DA799D45646}.Release|iPhoneSimulator.Build.0 = Release|Any CPU
		{FB39AA55-3132-4F96-93B1-6DA799D45646}.Release|iPhoneSimulator.Deploy.0 = Release|Any CPU
		{767A01A0-17CF-4562-BE1F-C57BE89DC2D8}.Ad-Hoc|Any CPU.ActiveCfg = Ad-Hoc|iPhone
		{767A01A0-17CF-4562-BE1F-C57BE89DC2D8}.Ad-Hoc|iPhone.ActiveCfg = Ad-Hoc|iPhone
		{767A01A0-17CF-4562-BE1F-C57BE89DC2D8}.Ad-Hoc|iPhone.Build.0 = Ad-Hoc|iPhone
		{767A01A0-17CF-4562-BE1F-C57BE89DC2D8}.Ad-Hoc|iPhoneSimulator.ActiveCfg = Ad-Hoc|iPhoneSimulator
		{767A01A0-17CF-4562-BE1F-C57BE89DC2D8}.Ad-Hoc|iPhoneSimulator.Build.0 = Ad-Hoc|iPhoneSimulator
		{767A01A0-17CF-4562-BE1F-C57BE89DC2D8}.AppStore|Any CPU.ActiveCfg = AppStore|iPhone
		{767A01A0-17CF-4562-BE1F-C57BE89DC2D8}.AppStore|iPhone.ActiveCfg = AppStore|iPhone
		{767A01A0-17CF-4562-BE1F-C57BE89DC2D8}.AppStore|iPhone.Build.0 = AppStore|iPhone
		{767A01A0-17CF-4562-BE1F-C57BE89DC2D8}.AppStore|iPhoneSimulator.ActiveCfg = AppStore|iPhoneSimulator
		{767A01A0-17CF-4562-BE1F-C57BE89DC2D8}.AppStore|iPhoneSimulator.Build.0 = AppStore|iPhoneSimulator
		{767A01A0-17CF-4562-BE1F-C57BE89DC2D8}.Debug|Any CPU.ActiveCfg = Debug|iPhone
		{767A01A0-17CF-4562-BE1F-C57BE89DC2D8}.Debug|iPhone.ActiveCfg = Debug|iPhone
		{767A01A0-17CF-4562-BE1F-C57BE89DC2D8}.Debug|iPhone.Build.0 = Debug|iPhone
		{767A01A0-17CF-4562-BE1F-C57BE89DC2D8}.Debug|iPhoneSimulator.ActiveCfg = Debug|iPhoneSimulator
		{767A01A0-17CF-4562-BE1F-C57BE89DC2D8}.Debug|iPhoneSimulator.Build.0 = Debug|iPhoneSimulator
		{767A01A0-17CF-4562-BE1F-C57BE89DC2D8}.Release|Any CPU.ActiveCfg = Release|iPhone
		{767A01A0-17CF-4562-BE1F-C57BE89DC2D8}.Release|iPhone.ActiveCfg = Release|iPhone
		{767A01A0-17CF-4562-BE1F-C57BE89DC2D8}.Release|iPhone.Build.0 = Release|iPhone
		{767A01A0-17CF-4562-BE1F-C57BE89DC2D8}.Release|iPhoneSimulator.ActiveCfg = Release|iPhoneSimulator
		{767A01A0-17CF-4562-BE1F-C57BE89DC2D8}.Release|iPhoneSimulator.Build.0 = Release|iPhoneSimulator
		{ECC350C2-88BF-4905-B4CB-8FAEC47DFF8C}.Ad-Hoc|Any CPU.ActiveCfg = Release|Any CPU
		{ECC350C2-88BF-4905-B4CB-8FAEC47DFF8C}.Ad-Hoc|Any CPU.Build.0 = Release|Any CPU
		{ECC350C2-88BF-4905-B4CB-8FAEC47DFF8C}.Ad-Hoc|iPhone.ActiveCfg = Release|Any CPU
		{ECC350C2-88BF-4905-B4CB-8FAEC47DFF8C}.Ad-Hoc|iPhone.Build.0 = Release|Any CPU
		{ECC350C2-88BF-4905-B4CB-8FAEC47DFF8C}.Ad-Hoc|iPhoneSimulator.ActiveCfg = Release|Any CPU
		{ECC350C2-88BF-4905-B4CB-8FAEC47DFF8C}.Ad-Hoc|iPhoneSimulator.Build.0 = Release|Any CPU
		{ECC350C2-88BF-4905-B4CB-8FAEC47DFF8C}.AppStore|Any CPU.ActiveCfg = Release|Any CPU
		{ECC350C2-88BF-4905-B4CB-8FAEC47DFF8C}.AppStore|Any CPU.Build.0 = Release|Any CPU
		{ECC350C2-88BF-4905-B4CB-8FAEC47DFF8C}.AppStore|iPhone.ActiveCfg = Release|Any CPU
		{ECC350C2-88BF-4905-B4CB-8FAEC47DFF8C}.AppStore|iPhone.Build.0 = Release|Any CPU
		{ECC350C2-88BF-4905-B4CB-8FAEC47DFF8C}.AppStore|iPhoneSimulator.ActiveCfg = Release|Any CPU
		{ECC350C2-88BF-4905-B4CB-8FAEC47DFF8C}.AppStore|iPhoneSimulator.Build.0 = Release|Any CPU
		{ECC350C2-88BF-4905-B4CB-8FAEC47DFF8C}.Debug|Any CPU.ActiveCfg = Debug|Any CPU
		{ECC350C2-88BF-4905-B4CB-8FAEC47DFF8C}.Debug|Any CPU.Build.0 = Debug|Any CPU
		{ECC350C2-88BF-4905-B4CB-8FAEC47DFF8C}.Debug|iPhone.ActiveCfg = Debug|Any CPU
		{ECC350C2-88BF-4905-B4CB-8FAEC47DFF8C}.Debug|iPhone.Build.0 = Debug|Any CPU
		{ECC350C2-88BF-4905-B4CB-8FAEC47DFF8C}.Debug|iPhoneSimulator.ActiveCfg = Debug|Any CPU
		{ECC350C2-88BF-4905-B4CB-8FAEC47DFF8C}.Debug|iPhoneSimulator.Build.0 = Debug|Any CPU
		{ECC350C2-88BF-4905-B4CB-8FAEC47DFF8C}.Release|Any CPU.ActiveCfg = Release|Any CPU
		{ECC350C2-88BF-4905-B4CB-8FAEC47DFF8C}.Release|Any CPU.Build.0 = Release|Any CPU
		{ECC350C2-88BF-4905-B4CB-8FAEC47DFF8C}.Release|iPhone.ActiveCfg = Release|Any CPU
		{ECC350C2-88BF-4905-B4CB-8FAEC47DFF8C}.Release|iPhone.Build.0 = Release|Any CPU
		{ECC350C2-88BF-4905-B4CB-8FAEC47DFF8C}.Release|iPhoneSimulator.ActiveCfg = Release|Any CPU
		{ECC350C2-88BF-4905-B4CB-8FAEC47DFF8C}.Release|iPhoneSimulator.Build.0 = Release|Any CPU
		{054FD144-14A7-4596-B205-8FBCA2D83CBB}.Ad-Hoc|Any CPU.ActiveCfg = Debug|Any CPU
		{054FD144-14A7-4596-B205-8FBCA2D83CBB}.Ad-Hoc|Any CPU.Build.0 = Debug|Any CPU
		{054FD144-14A7-4596-B205-8FBCA2D83CBB}.Ad-Hoc|iPhone.ActiveCfg = Debug|Any CPU
		{054FD144-14A7-4596-B205-8FBCA2D83CBB}.Ad-Hoc|iPhone.Build.0 = Debug|Any CPU
		{054FD144-14A7-4596-B205-8FBCA2D83CBB}.Ad-Hoc|iPhoneSimulator.ActiveCfg = Debug|Any CPU
		{054FD144-14A7-4596-B205-8FBCA2D83CBB}.Ad-Hoc|iPhoneSimulator.Build.0 = Debug|Any CPU
		{054FD144-14A7-4596-B205-8FBCA2D83CBB}.AppStore|Any CPU.ActiveCfg = Debug|Any CPU
		{054FD144-14A7-4596-B205-8FBCA2D83CBB}.AppStore|Any CPU.Build.0 = Debug|Any CPU
		{054FD144-14A7-4596-B205-8FBCA2D83CBB}.AppStore|iPhone.ActiveCfg = Debug|Any CPU
		{054FD144-14A7-4596-B205-8FBCA2D83CBB}.AppStore|iPhone.Build.0 = Debug|Any CPU
		{054FD144-14A7-4596-B205-8FBCA2D83CBB}.AppStore|iPhoneSimulator.ActiveCfg = Debug|Any CPU
		{054FD144-14A7-4596-B205-8FBCA2D83CBB}.AppStore|iPhoneSimulator.Build.0 = Debug|Any CPU
		{054FD144-14A7-4596-B205-8FBCA2D83CBB}.Debug|Any CPU.ActiveCfg = Debug|Any CPU
		{054FD144-14A7-4596-B205-8FBCA2D83CBB}.Debug|Any CPU.Build.0 = Debug|Any CPU
		{054FD144-14A7-4596-B205-8FBCA2D83CBB}.Debug|iPhone.ActiveCfg = Debug|Any CPU
		{054FD144-14A7-4596-B205-8FBCA2D83CBB}.Debug|iPhone.Build.0 = Debug|Any CPU
		{054FD144-14A7-4596-B205-8FBCA2D83CBB}.Debug|iPhoneSimulator.ActiveCfg = Debug|Any CPU
		{054FD144-14A7-4596-B205-8FBCA2D83CBB}.Debug|iPhoneSimulator.Build.0 = Debug|Any CPU
		{054FD144-14A7-4596-B205-8FBCA2D83CBB}.Release|Any CPU.ActiveCfg = Release|Any CPU
		{054FD144-14A7-4596-B205-8FBCA2D83CBB}.Release|Any CPU.Build.0 = Release|Any CPU
		{054FD144-14A7-4596-B205-8FBCA2D83CBB}.Release|iPhone.ActiveCfg = Release|Any CPU
		{054FD144-14A7-4596-B205-8FBCA2D83CBB}.Release|iPhone.Build.0 = Release|Any CPU
		{054FD144-14A7-4596-B205-8FBCA2D83CBB}.Release|iPhoneSimulator.ActiveCfg = Release|Any CPU
		{054FD144-14A7-4596-B205-8FBCA2D83CBB}.Release|iPhoneSimulator.Build.0 = Release|Any CPU
		{8EDF4429-251A-416D-BB68-93F227191BCF}.Ad-Hoc|Any CPU.ActiveCfg = Release|Any CPU
		{8EDF4429-251A-416D-BB68-93F227191BCF}.Ad-Hoc|Any CPU.Build.0 = Release|Any CPU
		{8EDF4429-251A-416D-BB68-93F227191BCF}.Ad-Hoc|iPhone.ActiveCfg = Release|Any CPU
		{8EDF4429-251A-416D-BB68-93F227191BCF}.Ad-Hoc|iPhone.Build.0 = Release|Any CPU
		{8EDF4429-251A-416D-BB68-93F227191BCF}.Ad-Hoc|iPhoneSimulator.ActiveCfg = Release|Any CPU
		{8EDF4429-251A-416D-BB68-93F227191BCF}.Ad-Hoc|iPhoneSimulator.Build.0 = Release|Any CPU
		{8EDF4429-251A-416D-BB68-93F227191BCF}.AppStore|Any CPU.ActiveCfg = Release|Any CPU
		{8EDF4429-251A-416D-BB68-93F227191BCF}.AppStore|Any CPU.Build.0 = Release|Any CPU
		{8EDF4429-251A-416D-BB68-93F227191BCF}.AppStore|iPhone.ActiveCfg = Release|Any CPU
		{8EDF4429-251A-416D-BB68-93F227191BCF}.AppStore|iPhone.Build.0 = Release|Any CPU
		{8EDF4429-251A-416D-BB68-93F227191BCF}.AppStore|iPhoneSimulator.ActiveCfg = Release|Any CPU
		{8EDF4429-251A-416D-BB68-93F227191BCF}.AppStore|iPhoneSimulator.Build.0 = Release|Any CPU
		{8EDF4429-251A-416D-BB68-93F227191BCF}.Debug|Any CPU.ActiveCfg = Debug|Any CPU
		{8EDF4429-251A-416D-BB68-93F227191BCF}.Debug|Any CPU.Build.0 = Debug|Any CPU
		{8EDF4429-251A-416D-BB68-93F227191BCF}.Debug|iPhone.ActiveCfg = Debug|Any CPU
		{8EDF4429-251A-416D-BB68-93F227191BCF}.Debug|iPhone.Build.0 = Debug|Any CPU
		{8EDF4429-251A-416D-BB68-93F227191BCF}.Debug|iPhoneSimulator.ActiveCfg = Debug|Any CPU
		{8EDF4429-251A-416D-BB68-93F227191BCF}.Debug|iPhoneSimulator.Build.0 = Debug|Any CPU
		{8EDF4429-251A-416D-BB68-93F227191BCF}.Release|Any CPU.ActiveCfg = Release|Any CPU
		{8EDF4429-251A-416D-BB68-93F227191BCF}.Release|Any CPU.Build.0 = Release|Any CPU
		{8EDF4429-251A-416D-BB68-93F227191BCF}.Release|iPhone.ActiveCfg = Release|Any CPU
		{8EDF4429-251A-416D-BB68-93F227191BCF}.Release|iPhone.Build.0 = Release|Any CPU
		{8EDF4429-251A-416D-BB68-93F227191BCF}.Release|iPhoneSimulator.ActiveCfg = Release|Any CPU
		{8EDF4429-251A-416D-BB68-93F227191BCF}.Release|iPhoneSimulator.Build.0 = Release|Any CPU
		{07735EB1-4754-4FC5-874F-E6CABFE97B2D}.Ad-Hoc|Any CPU.ActiveCfg = Debug|Any CPU
		{07735EB1-4754-4FC5-874F-E6CABFE97B2D}.Ad-Hoc|Any CPU.Build.0 = Debug|Any CPU
		{07735EB1-4754-4FC5-874F-E6CABFE97B2D}.Ad-Hoc|iPhone.ActiveCfg = Debug|Any CPU
		{07735EB1-4754-4FC5-874F-E6CABFE97B2D}.Ad-Hoc|iPhone.Build.0 = Debug|Any CPU
		{07735EB1-4754-4FC5-874F-E6CABFE97B2D}.Ad-Hoc|iPhoneSimulator.ActiveCfg = Debug|Any CPU
		{07735EB1-4754-4FC5-874F-E6CABFE97B2D}.Ad-Hoc|iPhoneSimulator.Build.0 = Debug|Any CPU
		{07735EB1-4754-4FC5-874F-E6CABFE97B2D}.AppStore|Any CPU.ActiveCfg = Debug|Any CPU
		{07735EB1-4754-4FC5-874F-E6CABFE97B2D}.AppStore|Any CPU.Build.0 = Debug|Any CPU
		{07735EB1-4754-4FC5-874F-E6CABFE97B2D}.AppStore|iPhone.ActiveCfg = Debug|Any CPU
		{07735EB1-4754-4FC5-874F-E6CABFE97B2D}.AppStore|iPhone.Build.0 = Debug|Any CPU
		{07735EB1-4754-4FC5-874F-E6CABFE97B2D}.AppStore|iPhoneSimulator.ActiveCfg = Debug|Any CPU
		{07735EB1-4754-4FC5-874F-E6CABFE97B2D}.AppStore|iPhoneSimulator.Build.0 = Debug|Any CPU
		{07735EB1-4754-4FC5-874F-E6CABFE97B2D}.Debug|Any CPU.ActiveCfg = Debug|Any CPU
		{07735EB1-4754-4FC5-874F-E6CABFE97B2D}.Debug|Any CPU.Build.0 = Debug|Any CPU
		{07735EB1-4754-4FC5-874F-E6CABFE97B2D}.Debug|iPhone.ActiveCfg = Debug|Any CPU
		{07735EB1-4754-4FC5-874F-E6CABFE97B2D}.Debug|iPhone.Build.0 = Debug|Any CPU
		{07735EB1-4754-4FC5-874F-E6CABFE97B2D}.Debug|iPhoneSimulator.ActiveCfg = Debug|Any CPU
		{07735EB1-4754-4FC5-874F-E6CABFE97B2D}.Debug|iPhoneSimulator.Build.0 = Debug|Any CPU
		{07735EB1-4754-4FC5-874F-E6CABFE97B2D}.Release|Any CPU.ActiveCfg = Release|Any CPU
		{07735EB1-4754-4FC5-874F-E6CABFE97B2D}.Release|Any CPU.Build.0 = Release|Any CPU
		{07735EB1-4754-4FC5-874F-E6CABFE97B2D}.Release|iPhone.ActiveCfg = Release|Any CPU
		{07735EB1-4754-4FC5-874F-E6CABFE97B2D}.Release|iPhone.Build.0 = Release|Any CPU
		{07735EB1-4754-4FC5-874F-E6CABFE97B2D}.Release|iPhoneSimulator.ActiveCfg = Release|Any CPU
		{07735EB1-4754-4FC5-874F-E6CABFE97B2D}.Release|iPhoneSimulator.Build.0 = Release|Any CPU
	EndGlobalSection
	GlobalSection(SolutionProperties) = preSolution
		HideSolutionNode = FALSE
	EndGlobalSection
	GlobalSection(ExtensibilityGlobals) = postSolution
		SolutionGuid = {009FE947-5D8B-494E-9B0B-D7B03D933563}
	EndGlobalSection
EndGlobal
